
Microsoft Visual Studio Solution File, Format Version 12.00
# Visual Studio Version 17
VisualStudioVersion = 17.11.35219.272
MinimumVisualStudioVersion = 10.0.40219.1
Project("{FAE04EC0-301F-11D3-BF4B-00C04F79EFBC}") = "gitwithvs", "gitwithvs\gitwithvs.csproj", "{CEFE6A5A-73B4-4D17-BC87-3735143A2B79}"
EndProject
Global
	GlobalSection(SolutionConfigurationPlatforms) = preSolution
		Debug|Any CPU = Debug|Any CPU
		Release|Any CPU = Release|Any CPU
	EndGlobalSection
	GlobalSection(ProjectConfigurationPlatforms) = postSolution
		{CEFE6A5A-73B4-4D17-BC87-3735143A2B79}.Debug|Any CPU.ActiveCfg = Debug|Any CPU
		{CEFE6A5A-73B4-4D17-BC87-3735143A2B79}.Debug|Any CPU.Build.0 = Debug|Any CPU
		{CEFE6A5A-73B4-4D17-BC87-3735143A2B79}.Release|Any CPU.ActiveCfg = Release|Any CPU
		{CEFE6A5A-73B4-4D17-BC87-3735143A2B79}.Release|Any CPU.Build.0 = Release|Any CPU
	EndGlobalSection
	GlobalSection(SolutionProperties) = preSolution
		HideSolutionNode = FALSE
	EndGlobalSection
	GlobalSection(ExtensibilityGlobals) = postSolution
		SolutionGuid = {442A52A9-8D34-4BD2-AC2E-10FF17C67AA3}
	EndGlobalSection
EndGlobal
